
Microsoft Visual Studio Solution File, Format Version 12.00
# Visual Studio Version 17
VisualStudioVersion = 17.9.34616.47
MinimumVisualStudioVersion = 10.0.40219.1
Project("{FAE04EC0-301F-11D3-BF4B-00C04F79EFBC}") = "HelloWorld", "HelloWorld\HelloWorld.csproj", "{3FBDAE46-4B26-428A-B67F-D421968B62F9}"
EndProject
Global
	GlobalSection(SolutionConfigurationPlatforms) = preSolution
		Debug|Any CPU = Debug|Any CPU
		Release|Any CPU = Release|Any CPU
	EndGlobalSection
	GlobalSection(ProjectConfigurationPlatforms) = postSolution
		{3FBDAE46-4B26-428A-B67F-D421968B62F9}.Debug|Any CPU.ActiveCfg = Debug|Any CPU
		{3FBDAE46-4B26-428A-B67F-D421968B62F9}.Debug|Any CPU.Build.0 = Debug|Any CPU
		{3FBDAE46-4B26-428A-B67F-D421968B62F9}.Release|Any CPU.ActiveCfg = Release|Any CPU
		{3FBDAE46-4B26-428A-B67F-D421968B62F9}.Release|Any CPU.Build.0 = Release|Any CPU
	EndGlobalSection
	GlobalSection(SolutionProperties) = preSolution
		HideSolutionNode = FALSE
	EndGlobalSection
	GlobalSection(ExtensibilityGlobals) = postSolution
		SolutionGuid = {5DF50B9C-AA95-4AE8-A95A-DD9152D28161}
	EndGlobalSection
EndGlobal
